
Microsoft Visual Studio Solution File, Format Version 12.00
# Visual Studio Version 17
VisualStudioVersion = 17.3.32901.215
MinimumVisualStudioVersion = 10.0.40219.1
Project("{FAE04EC0-301F-11D3-BF4B-00C04F79EFBC}") = "Algorithms", "Algorithms\Algorithms.csproj", "{44D222D4-F666-4506-BBF9-4FC60DF36D0C}"
EndProject
Global
	GlobalSection(SolutionConfigurationPlatforms) = preSolution
		Debug|Any CPU = Debug|Any CPU
		Release|Any CPU = Release|Any CPU
	EndGlobalSection
	GlobalSection(ProjectConfigurationPlatforms) = postSolution
		{44D222D4-F666-4506-BBF9-4FC60DF36D0C}.Debug|Any CPU.ActiveCfg = Debug|Any CPU
		{44D222D4-F666-4506-BBF9-4FC60DF36D0C}.Debug|Any CPU.Build.0 = Debug|Any CPU
		{44D222D4-F666-4506-BBF9-4FC60DF36D0C}.Release|Any CPU.ActiveCfg = Release|Any CPU
		{44D222D4-F666-4506-BBF9-4FC60DF36D0C}.Release|Any CPU.Build.0 = Release|Any CPU
	EndGlobalSection
	GlobalSection(SolutionProperties) = preSolution
		HideSolutionNode = FALSE
	EndGlobalSection
	GlobalSection(ExtensibilityGlobals) = postSolution
		SolutionGuid = {9BA4BD28-3597-463D-A865-31E7BFB6E1F1}
	EndGlobalSection
EndGlobal
